
Microsoft Visual Studio Solution File, Format Version 12.00
# Visual Studio 15
Project("{FAE04EC0-301F-11D3-BF4B-00C04F79EFBC}") = "Assembly-CSharp", "Assembly-CSharp.csproj", "{8F4B4A0D-3EB5-9E28-4384-B9B3DA4D6376}"
EndProject
Project("{FAE04EC0-301F-11D3-BF4B-00C04F79EFBC}") = "Assembly-CSharp-Editor", "Assembly-CSharp-Editor.csproj", "{F1C1DDE9-5A8A-5164-6772-C02EECB81B82}"
EndProject
Global
	GlobalSection(SolutionConfigurationPlatforms) = preSolution
		Debug|Any CPU = Debug|Any CPU
		Release|Any CPU = Release|Any CPU
	EndGlobalSection
	GlobalSection(ProjectConfigurationPlatforms) = postSolution
		{8F4B4A0D-3EB5-9E28-4384-B9B3DA4D6376}.Debug|Any CPU.ActiveCfg = Debug|Any CPU
		{8F4B4A0D-3EB5-9E28-4384-B9B3DA4D6376}.Debug|Any CPU.Build.0 = Debug|Any CPU
		{8F4B4A0D-3EB5-9E28-4384-B9B3DA4D6376}.Release|Any CPU.ActiveCfg = Release|Any CPU
		{8F4B4A0D-3EB5-9E28-4384-B9B3DA4D6376}.Release|Any CPU.Build.0 = Release|Any CPU
		{F1C1DDE9-5A8A-5164-6772-C02EECB81B82}.Debug|Any CPU.ActiveCfg = Debug|Any CPU
		{F1C1DDE9-5A8A-5164-6772-C02EECB81B82}.Debug|Any CPU.Build.0 = Debug|Any CPU
		{F1C1DDE9-5A8A-5164-6772-C02EECB81B82}.Release|Any CPU.ActiveCfg = Release|Any CPU
		{F1C1DDE9-5A8A-5164-6772-C02EECB81B82}.Release|Any CPU.Build.0 = Release|Any CPU
	EndGlobalSection
	GlobalSection(SolutionProperties) = preSolution
		HideSolutionNode = FALSE
	EndGlobalSection
EndGlobal
